
Microsoft Visual Studio Solution File, Format Version 12.00
# Visual Studio 15
VisualStudioVersion = 15.0.27130.2020
MinimumVisualStudioVersion = 10.0.40219.1
Project("{FAE04EC0-301F-11D3-BF4B-00C04F79EFBC}") = "PrimaFileIntegrationApp", "PrimaFileIntegrationApp\PrimaFileIntegrationApp.csproj", "{16D09726-E480-4801-B616-6CA6781D346D}"
EndProject
Project("{FAE04EC0-301F-11D3-BF4B-00C04F79EFBC}") = "UnitTest_PrimaFileIntegrationApp", "UnitTest_PrimaFileIntegrationApp\UnitTest_PrimaFileIntegrationApp.csproj", "{43708B02-F46B-4C0F-8BFD-BCDC4CEDE988}"
EndProject
Global
	GlobalSection(SolutionConfigurationPlatforms) = preSolution
		Debug|Any CPU = Debug|Any CPU
		Release|Any CPU = Release|Any CPU
	EndGlobalSection
	GlobalSection(ProjectConfigurationPlatforms) = postSolution
		{16D09726-E480-4801-B616-6CA6781D346D}.Debug|Any CPU.ActiveCfg = Debug|Any CPU
		{16D09726-E480-4801-B616-6CA6781D346D}.Debug|Any CPU.Build.0 = Debug|Any CPU
		{16D09726-E480-4801-B616-6CA6781D346D}.Release|Any CPU.ActiveCfg = Release|Any CPU
		{16D09726-E480-4801-B616-6CA6781D346D}.Release|Any CPU.Build.0 = Release|Any CPU
		{43708B02-F46B-4C0F-8BFD-BCDC4CEDE988}.Debug|Any CPU.ActiveCfg = Debug|Any CPU
		{43708B02-F46B-4C0F-8BFD-BCDC4CEDE988}.Debug|Any CPU.Build.0 = Debug|Any CPU
		{43708B02-F46B-4C0F-8BFD-BCDC4CEDE988}.Release|Any CPU.ActiveCfg = Release|Any CPU
		{43708B02-F46B-4C0F-8BFD-BCDC4CEDE988}.Release|Any CPU.Build.0 = Release|Any CPU
	EndGlobalSection
	GlobalSection(SolutionProperties) = preSolution
		HideSolutionNode = FALSE
	EndGlobalSection
	GlobalSection(ExtensibilityGlobals) = postSolution
		SolutionGuid = {6F693878-9DFF-4F57-BBAC-86F26F9BFC8F}
	EndGlobalSection
EndGlobal
